
Microsoft Visual Studio Solution File, Format Version 12.00
# Visual Studio 2012
Project("{FAE04EC0-301F-11D3-BF4B-00C04F79EFBC}") = "threaded_mem_allocation_test", "threaded_mem_allocation_test.csproj", "{6C3C7F50-D28D-4698-9C7A-2C3145610535}"
EndProject
Project("{FAE04EC0-301F-11D3-BF4B-00C04F79EFBC}") = "ProcessWorker", "ProcessWorker\ProcessWorker.csproj", "{9CFAB5EA-8E50-458C-8C61-170FC809D1ED}"
EndProject
Global
	GlobalSection(SolutionConfigurationPlatforms) = preSolution
		Debug|Any CPU = Debug|Any CPU
		Release|Any CPU = Release|Any CPU
	EndGlobalSection
	GlobalSection(ProjectConfigurationPlatforms) = postSolution
		{6C3C7F50-D28D-4698-9C7A-2C3145610535}.Debug|Any CPU.ActiveCfg = Debug|Any CPU
		{6C3C7F50-D28D-4698-9C7A-2C3145610535}.Debug|Any CPU.Build.0 = Debug|Any CPU
		{6C3C7F50-D28D-4698-9C7A-2C3145610535}.Release|Any CPU.ActiveCfg = Release|Any CPU
		{6C3C7F50-D28D-4698-9C7A-2C3145610535}.Release|Any CPU.Build.0 = Release|Any CPU
		{9CFAB5EA-8E50-458C-8C61-170FC809D1ED}.Debug|Any CPU.ActiveCfg = Debug|Any CPU
		{9CFAB5EA-8E50-458C-8C61-170FC809D1ED}.Debug|Any CPU.Build.0 = Debug|Any CPU
		{9CFAB5EA-8E50-458C-8C61-170FC809D1ED}.Release|Any CPU.ActiveCfg = Release|Any CPU
		{9CFAB5EA-8E50-458C-8C61-170FC809D1ED}.Release|Any CPU.Build.0 = Release|Any CPU
	EndGlobalSection
	GlobalSection(SolutionProperties) = preSolution
		HideSolutionNode = FALSE
	EndGlobalSection
EndGlobal
